
Microsoft Visual Studio Solution File, Format Version 12.00
# Visual Studio Version 16
VisualStudioVersion = 16.0.31702.278
MinimumVisualStudioVersion = 10.0.40219.1
Project("{9A19103F-16F7-4668-BE54-9A1E7A4F7556}") = "Webc", "Webc.csproj", "{26EDD03E-02A0-415E-BC82-CF2F6D97835C}"
EndProject
Global
	GlobalSection(SolutionConfigurationPlatforms) = preSolution
		Debug|Any CPU = Debug|Any CPU
		Release|Any CPU = Release|Any CPU
	EndGlobalSection
	GlobalSection(ProjectConfigurationPlatforms) = postSolution
		{26EDD03E-02A0-415E-BC82-CF2F6D97835C}.Debug|Any CPU.ActiveCfg = Debug|Any CPU
		{26EDD03E-02A0-415E-BC82-CF2F6D97835C}.Debug|Any CPU.Build.0 = Debug|Any CPU
		{26EDD03E-02A0-415E-BC82-CF2F6D97835C}.Release|Any CPU.ActiveCfg = Release|Any CPU
		{26EDD03E-02A0-415E-BC82-CF2F6D97835C}.Release|Any CPU.Build.0 = Release|Any CPU
	EndGlobalSection
	GlobalSection(SolutionProperties) = preSolution
		HideSolutionNode = FALSE
	EndGlobalSection
	GlobalSection(ExtensibilityGlobals) = postSolution
		SolutionGuid = {9EA52E9D-9F95-4CA8-8FBF-3E4AF8F7B12D}
	EndGlobalSection
EndGlobal
